# THIS IS AN AUTOGENERATED FILE. DO NOT EDIT THIS FILE DIRECTLY.
# yarn lockfile v1


devicon@^2.16.0:
  version "2.16.0"
  resolved "https://registry.yarnpkg.com/devicon/-/devicon-2.16.0.tgz#67ca4200b44eb74bf35e4be1d63b6d34f6e07de5"
  integrity sha512-PE5a2HBNeN4av+Iu975OiiWEwS8LJPw5HAvlv0JUHb62jZTdYxTpz4ga+cQyvdtb3x1side2P9Sr1mmOmUkO/g==
